
Microsoft Visual Studio Solution File, Format Version 12.00
# Visual Studio Version 16
VisualStudioVersion = 16.0.29926.136
MinimumVisualStudioVersion = 10.0.40219.1
Project("{FAE04EC0-301F-11D3-BF4B-00C04F79EFBC}") = "FoodRecipes", "FoodRecipes\FoodRecipes.csproj", "{54EAD880-DE62-4740-8298-44968D9EC664}"
EndProject
Global
	GlobalSection(SolutionConfigurationPlatforms) = preSolution
		Debug|Any CPU = Debug|Any CPU
		Release|Any CPU = Release|Any CPU
	EndGlobalSection
	GlobalSection(ProjectConfigurationPlatforms) = postSolution
		{54EAD880-DE62-4740-8298-44968D9EC664}.Debug|Any CPU.ActiveCfg = Debug|Any CPU
		{54EAD880-DE62-4740-8298-44968D9EC664}.Debug|Any CPU.Build.0 = Debug|Any CPU
		{54EAD880-DE62-4740-8298-44968D9EC664}.Release|Any CPU.ActiveCfg = Release|Any CPU
		{54EAD880-DE62-4740-8298-44968D9EC664}.Release|Any CPU.Build.0 = Release|Any CPU
	EndGlobalSection
	GlobalSection(SolutionProperties) = preSolution
		HideSolutionNode = FALSE
	EndGlobalSection
	GlobalSection(ExtensibilityGlobals) = postSolution
		SolutionGuid = {CEE5D479-006C-4002-97B7-9F907AEC6987}
	EndGlobalSection
EndGlobal
